{
  "name": "rockstar-pi",
  "version": "1.0.0",
  "lockfileVersion": 3,
  "requires": true,
  "packages": {
    "": {
      "name": "rockstar-pi",
      "version": "1.0.0",
      "license": "ISC",
      "dependencies": {
        "rockstar-strudel": "^1.0.11"
      }
    },
    "node_modules/rockstar-strudel": {
      "version": "1.0.11",
      "resolved": "https://registry.npmjs.org/rockstar-strudel/-/rockstar-strudel-1.0.11.tgz",
      "integrity": "sha512-/9lTbqmITk1ruuWhhmHes9sEx95IejlyW9jT3/Vycbw1IhGHpYVx/6+092bG4N16c3A5Y1j+/v1RYFiiSj6aUA==",
      "license": "AGPL-3.0"
    }
  }
}
